
Microsoft Visual Studio Solution File, Format Version 12.00
# Visual Studio Version 17
VisualStudioVersion = 17.5.002.0
MinimumVisualStudioVersion = 10.0.40219.1
Project("{9A19103F-16F7-4668-BE54-9A1E7A4F7556}") = "Panaderia", "Panaderia.csproj", "{C94C224A-94C7-420B-8F8E-C216A4563BE3}"
EndProject
Global
	GlobalSection(SolutionConfigurationPlatforms) = preSolution
		Debug|Any CPU = Debug|Any CPU
		Release|Any CPU = Release|Any CPU
	EndGlobalSection
	GlobalSection(ProjectConfigurationPlatforms) = postSolution
		{C94C224A-94C7-420B-8F8E-C216A4563BE3}.Debug|Any CPU.ActiveCfg = Debug|Any CPU
		{C94C224A-94C7-420B-8F8E-C216A4563BE3}.Debug|Any CPU.Build.0 = Debug|Any CPU
		{C94C224A-94C7-420B-8F8E-C216A4563BE3}.Release|Any CPU.ActiveCfg = Release|Any CPU
		{C94C224A-94C7-420B-8F8E-C216A4563BE3}.Release|Any CPU.Build.0 = Release|Any CPU
	EndGlobalSection
	GlobalSection(SolutionProperties) = preSolution
		HideSolutionNode = FALSE
	EndGlobalSection
	GlobalSection(ExtensibilityGlobals) = postSolution
		SolutionGuid = {51716772-8325-455F-9345-AF43D2A7F751}
	EndGlobalSection
EndGlobal
